
Microsoft Visual Studio Solution File, Format Version 12.00
# Visual Studio Version 17
VisualStudioVersion = 17.0.31903.59
MinimumVisualStudioVersion = 10.0.40219.1
Project("{2150E333-8FDC-42A3-9474-1A3956D46DE8}") = "src", "src", "{827E0CD3-B72D-47B6-A68D-7590B98EB39B}"
EndProject
Project("{FAE04EC0-301F-11D3-BF4B-00C04F79EFBC}") = "MultiTenantWorkspace.Domain", "src\MultiTenantWorkspace.Domain\MultiTenantWorkspace.Domain.csproj", "{042A3C77-CF62-418A-96D1-F5F7E796E90F}"
EndProject
Project("{FAE04EC0-301F-11D3-BF4B-00C04F79EFBC}") = "MultiTenantWorkspace.Application", "src\MultiTenantWorkspace.Application\MultiTenantWorkspace.Application.csproj", "{D25A433D-C5AA-44F1-AA51-A06D1ACE6B4C}"
EndProject
Project("{FAE04EC0-301F-11D3-BF4B-00C04F79EFBC}") = "MultiTenantWorkspace.Infrastructure", "src\MultiTenantWorkspace.Infrastructure\MultiTenantWorkspace.Infrastructure.csproj", "{3FEFFB4B-1D24-49ED-BD57-900552977E90}"
EndProject
Project("{FAE04EC0-301F-11D3-BF4B-00C04F79EFBC}") = "MultiTenantWorkspace.Web", "src\MultiTenantWorkspace.Web\MultiTenantWorkspace.Web.csproj", "{7D3E49BB-DFED-4522-A7D8-884D41B6578F}"
EndProject
Project("{FAE04EC0-301F-11D3-BF4B-00C04F79EFBC}") = "MultiTenantWorkspace.Shared", "src\MultiTenantWorkspace.Shared\MultiTenantWorkspace.Shared.csproj", "{34B34A39-C935-4F46-9917-A1F363504A11}"
EndProject
Project("{FAE04EC0-301F-11D3-BF4B-00C04F79EFBC}") = "MultiTenantWorkspace.Application.Tests", "tests\MultiTenantWorkspace.Application.Tests\MultiTenantWorkspace.Application.Tests.csproj", "{B68BA6CA-9A96-4348-BD2C-BB162F418A2F}"
EndProject
Project("{FAE04EC0-301F-11D3-BF4B-00C04F79EFBC}") = "MultiTenantWorkspace.Infrastructure.Tests", "tests\MultiTenantWorkspace.Infrastructure.Tests\MultiTenantWorkspace.Infrastructure.Tests.csproj", "{8E71CF6A-B88E-4A46-9372-486210A0B0F5}"
EndProject
Global
	GlobalSection(SolutionConfigurationPlatforms) = preSolution
		Debug|Any CPU = Debug|Any CPU
		Debug|x64 = Debug|x64
		Debug|x86 = Debug|x86
		Release|Any CPU = Release|Any CPU
		Release|x64 = Release|x64
		Release|x86 = Release|x86
	EndGlobalSection
	GlobalSection(ProjectConfigurationPlatforms) = postSolution
		{042A3C77-CF62-418A-96D1-F5F7E796E90F}.Debug|Any CPU.ActiveCfg = Debug|Any CPU
		{042A3C77-CF62-418A-96D1-F5F7E796E90F}.Debug|Any CPU.Build.0 = Debug|Any CPU
		{042A3C77-CF62-418A-96D1-F5F7E796E90F}.Debug|x64.ActiveCfg = Debug|Any CPU
		{042A3C77-CF62-418A-96D1-F5F7E796E90F}.Debug|x64.Build.0 = Debug|Any CPU
		{042A3C77-CF62-418A-96D1-F5F7E796E90F}.Debug|x86.ActiveCfg = Debug|Any CPU
		{042A3C77-CF62-418A-96D1-F5F7E796E90F}.Debug|x86.Build.0 = Debug|Any CPU
		{042A3C77-CF62-418A-96D1-F5F7E796E90F}.Release|Any CPU.ActiveCfg = Release|Any CPU
		{042A3C77-CF62-418A-96D1-F5F7E796E90F}.Release|Any CPU.Build.0 = Release|Any CPU
		{042A3C77-CF62-418A-96D1-F5F7E796E90F}.Release|x64.ActiveCfg = Release|Any CPU
		{042A3C77-CF62-418A-96D1-F5F7E796E90F}.Release|x64.Build.0 = Release|Any CPU
		{042A3C77-CF62-418A-96D1-F5F7E796E90F}.Release|x86.ActiveCfg = Release|Any CPU
		{042A3C77-CF62-418A-96D1-F5F7E796E90F}.Release|x86.Build.0 = Release|Any CPU
		{D25A433D-C5AA-44F1-AA51-A06D1ACE6B4C}.Debug|Any CPU.ActiveCfg = Debug|Any CPU
		{D25A433D-C5AA-44F1-AA51-A06D1ACE6B4C}.Debug|Any CPU.Build.0 = Debug|Any CPU
		{D25A433D-C5AA-44F1-AA51-A06D1ACE6B4C}.Debug|x64.ActiveCfg = Debug|Any CPU
		{D25A433D-C5AA-44F1-AA51-A06D1ACE6B4C}.Debug|x64.Build.0 = Debug|Any CPU
		{D25A433D-C5AA-44F1-AA51-A06D1ACE6B4C}.Debug|x86.ActiveCfg = Debug|Any CPU
		{D25A433D-C5AA-44F1-AA51-A06D1ACE6B4C}.Debug|x86.Build.0 = Debug|Any CPU
		{D25A433D-C5AA-44F1-AA51-A06D1ACE6B4C}.Release|Any CPU.ActiveCfg = Release|Any CPU
		{D25A433D-C5AA-44F1-AA51-A06D1ACE6B4C}.Release|Any CPU.Build.0 = Release|Any CPU
		{D25A433D-C5AA-44F1-AA51-A06D1ACE6B4C}.Release|x64.ActiveCfg = Release|Any CPU
		{D25A433D-C5AA-44F1-AA51-A06D1ACE6B4C}.Release|x64.Build.0 = Release|Any CPU
		{D25A433D-C5AA-44F1-AA51-A06D1ACE6B4C}.Release|x86.ActiveCfg = Release|Any CPU
		{D25A433D-C5AA-44F1-AA51-A06D1ACE6B4C}.Release|x86.Build.0 = Release|Any CPU
		{3FEFFB4B-1D24-49ED-BD57-900552977E90}.Debug|Any CPU.ActiveCfg = Debug|Any CPU
		{3FEFFB4B-1D24-49ED-BD57-900552977E90}.Debug|Any CPU.Build.0 = Debug|Any CPU
		{3FEFFB4B-1D24-49ED-BD57-900552977E90}.Debug|x64.ActiveCfg = Debug|Any CPU
		{3FEFFB4B-1D24-49ED-BD57-900552977E90}.Debug|x64.Build.0 = Debug|Any CPU
		{3FEFFB4B-1D24-49ED-BD57-900552977E90}.Debug|x86.ActiveCfg = Debug|Any CPU
		{3FEFFB4B-1D24-49ED-BD57-900552977E90}.Debug|x86.Build.0 = Debug|Any CPU
		{3FEFFB4B-1D24-49ED-BD57-900552977E90}.Release|Any CPU.ActiveCfg = Release|Any CPU
		{3FEFFB4B-1D24-49ED-BD57-900552977E90}.Release|Any CPU.Build.0 = Release|Any CPU
		{3FEFFB4B-1D24-49ED-BD57-900552977E90}.Release|x64.ActiveCfg = Release|Any CPU
		{3FEFFB4B-1D24-49ED-BD57-900552977E90}.Release|x64.Build.0 = Release|Any CPU
		{3FEFFB4B-1D24-49ED-BD57-900552977E90}.Release|x86.ActiveCfg = Release|Any CPU
		{3FEFFB4B-1D24-49ED-BD57-900552977E90}.Release|x86.Build.0 = Release|Any CPU
		{7D3E49BB-DFED-4522-A7D8-884D41B6578F}.Debug|Any CPU.ActiveCfg = Debug|Any CPU
		{7D3E49BB-DFED-4522-A7D8-884D41B6578F}.Debug|Any CPU.Build.0 = Debug|Any CPU
		{7D3E49BB-DFED-4522-A7D8-884D41B6578F}.Debug|x64.ActiveCfg = Debug|Any CPU
		{7D3E49BB-DFED-4522-A7D8-884D41B6578F}.Debug|x64.Build.0 = Debug|Any CPU
		{7D3E49BB-DFED-4522-A7D8-884D41B6578F}.Debug|x86.ActiveCfg = Debug|Any CPU
		{7D3E49BB-DFED-4522-A7D8-884D41B6578F}.Debug|x86.Build.0 = Debug|Any CPU
		{7D3E49BB-DFED-4522-A7D8-884D41B6578F}.Release|Any CPU.ActiveCfg = Release|Any CPU
		{7D3E49BB-DFED-4522-A7D8-884D41B6578F}.Release|Any CPU.Build.0 = Release|Any CPU
		{7D3E49BB-DFED-4522-A7D8-884D41B6578F}.Release|x64.ActiveCfg = Release|Any CPU
		{7D3E49BB-DFED-4522-A7D8-884D41B6578F}.Release|x64.Build.0 = Release|Any CPU
		{7D3E49BB-DFED-4522-A7D8-884D41B6578F}.Release|x86.ActiveCfg = Release|Any CPU
		{7D3E49BB-DFED-4522-A7D8-884D41B6578F}.Release|x86.Build.0 = Release|Any CPU
		{34B34A39-C935-4F46-9917-A1F363504A11}.Debug|Any CPU.ActiveCfg = Debug|Any CPU
		{34B34A39-C935-4F46-9917-A1F363504A11}.Debug|Any CPU.Build.0 = Debug|Any CPU
		{34B34A39-C935-4F46-9917-A1F363504A11}.Debug|x64.ActiveCfg = Debug|Any CPU
		{34B34A39-C935-4F46-9917-A1F363504A11}.Debug|x64.Build.0 = Debug|Any CPU
		{34B34A39-C935-4F46-9917-A1F363504A11}.Debug|x86.ActiveCfg = Debug|Any CPU
		{34B34A39-C935-4F46-9917-A1F363504A11}.Debug|x86.Build.0 = Debug|Any CPU
		{34B34A39-C935-4F46-9917-A1F363504A11}.Release|Any CPU.ActiveCfg = Release|Any CPU
		{34B34A39-C935-4F46-9917-A1F363504A11}.Release|Any CPU.Build.0 = Release|Any CPU
		{34B34A39-C935-4F46-9917-A1F363504A11}.Release|x64.ActiveCfg = Release|Any CPU
		{34B34A39-C935-4F46-9917-A1F363504A11}.Release|x64.Build.0 = Release|Any CPU
		{34B34A39-C935-4F46-9917-A1F363504A11}.Release|x86.ActiveCfg = Release|Any CPU
		{34B34A39-C935-4F46-9917-A1F363504A11}.Release|x86.Build.0 = Release|Any CPU
		{B68BA6CA-9A96-4348-BD2C-BB162F418A2F}.Debug|Any CPU.ActiveCfg = Debug|Any CPU
		{B68BA6CA-9A96-4348-BD2C-BB162F418A2F}.Debug|Any CPU.Build.0 = Debug|Any CPU
		{B68BA6CA-9A96-4348-BD2C-BB162F418A2F}.Debug|x64.ActiveCfg = Debug|Any CPU
		{B68BA6CA-9A96-4348-BD2C-BB162F418A2F}.Debug|x64.Build.0 = Debug|Any CPU
		{B68BA6CA-9A96-4348-BD2C-BB162F418A2F}.Debug|x86.ActiveCfg = Debug|Any CPU
		{B68BA6CA-9A96-4348-BD2C-BB162F418A2F}.Debug|x86.Build.0 = Debug|Any CPU
		{B68BA6CA-9A96-4348-BD2C-BB162F418A2F}.Release|Any CPU.ActiveCfg = Release|Any CPU
		{B68BA6CA-9A96-4348-BD2C-BB162F418A2F}.Release|Any CPU.Build.0 = Release|Any CPU
		{B68BA6CA-9A96-4348-BD2C-BB162F418A2F}.Release|x64.ActiveCfg = Release|Any CPU
		{B68BA6CA-9A96-4348-BD2C-BB162F418A2F}.Release|x64.Build.0 = Release|Any CPU
		{B68BA6CA-9A96-4348-BD2C-BB162F418A2F}.Release|x86.ActiveCfg = Release|Any CPU
		{B68BA6CA-9A96-4348-BD2C-BB162F418A2F}.Release|x86.Build.0 = Release|Any CPU
		{8E71CF6A-B88E-4A46-9372-486210A0B0F5}.Debug|Any CPU.ActiveCfg = Debug|Any CPU
		{8E71CF6A-B88E-4A46-9372-486210A0B0F5}.Debug|Any CPU.Build.0 = Debug|Any CPU
		{8E71CF6A-B88E-4A46-9372-486210A0B0F5}.Debug|x64.ActiveCfg = Debug|Any CPU
		{8E71CF6A-B88E-4A46-9372-486210A0B0F5}.Debug|x64.Build.0 = Debug|Any CPU
		{8E71CF6A-B88E-4A46-9372-486210A0B0F5}.Debug|x86.ActiveCfg = Debug|Any CPU
		{8E71CF6A-B88E-4A46-9372-486210A0B0F5}.Debug|x86.Build.0 = Debug|Any CPU
		{8E71CF6A-B88E-4A46-9372-486210A0B0F5}.Release|Any CPU.ActiveCfg = Release|Any CPU
		{8E71CF6A-B88E-4A46-9372-486210A0B0F5}.Release|Any CPU.Build.0 = Release|Any CPU
		{8E71CF6A-B88E-4A46-9372-486210A0B0F5}.Release|x64.ActiveCfg = Release|Any CPU
		{8E71CF6A-B88E-4A46-9372-486210A0B0F5}.Release|x64.Build.0 = Release|Any CPU
		{8E71CF6A-B88E-4A46-9372-486210A0B0F5}.Release|x86.ActiveCfg = Release|Any CPU
		{8E71CF6A-B88E-4A46-9372-486210A0B0F5}.Release|x86.Build.0 = Release|Any CPU
	EndGlobalSection
	GlobalSection(SolutionProperties) = preSolution
		HideSolutionNode = FALSE
	EndGlobalSection
	GlobalSection(NestedProjects) = preSolution
		{042A3C77-CF62-418A-96D1-F5F7E796E90F} = {827E0CD3-B72D-47B6-A68D-7590B98EB39B}
		{D25A433D-C5AA-44F1-AA51-A06D1ACE6B4C} = {827E0CD3-B72D-47B6-A68D-7590B98EB39B}
		{3FEFFB4B-1D24-49ED-BD57-900552977E90} = {827E0CD3-B72D-47B6-A68D-7590B98EB39B}
		{7D3E49BB-DFED-4522-A7D8-884D41B6578F} = {827E0CD3-B72D-47B6-A68D-7590B98EB39B}
		{34B34A39-C935-4F46-9917-A1F363504A11} = {827E0CD3-B72D-47B6-A68D-7590B98EB39B}
	EndGlobalSection
EndGlobal
